
Microsoft Visual Studio Solution File, Format Version 11.00
# Visual Studio 2010
Project("{FAE04EC0-301F-11D3-BF4B-00C04F79EFBC}") = "Tutorial Unity - Desenvolvendo Assets - Select Level", "Assembly-CSharp.csproj", "{A66FE66D-D557-CDC2-5DC9-242EEA47C07D}"
EndProject
Global
	GlobalSection(SolutionConfigurationPlatforms) = preSolution
		Debug|Any CPU = Debug|Any CPU
		Release|Any CPU = Release|Any CPU
	EndGlobalSection
	GlobalSection(ProjectConfigurationPlatforms) = postSolution
		{A66FE66D-D557-CDC2-5DC9-242EEA47C07D}.Debug|Any CPU.ActiveCfg = Debug|Any CPU
		{A66FE66D-D557-CDC2-5DC9-242EEA47C07D}.Debug|Any CPU.Build.0 = Debug|Any CPU
		{A66FE66D-D557-CDC2-5DC9-242EEA47C07D}.Release|Any CPU.ActiveCfg = Release|Any CPU
		{A66FE66D-D557-CDC2-5DC9-242EEA47C07D}.Release|Any CPU.Build.0 = Release|Any CPU
	EndGlobalSection
	GlobalSection(SolutionProperties) = preSolution
		HideSolutionNode = FALSE
	EndGlobalSection
	GlobalSection(MonoDevelopProperties) = preSolution
		StartupItem = Assembly-CSharp.csproj
	EndGlobalSection
EndGlobal
